
Microsoft Visual Studio Solution File, Format Version 12.00
# Visual Studio Version 17
VisualStudioVersion = 17.7.34221.43
MinimumVisualStudioVersion = 10.0.40219.1
Project("{FAE04EC0-301F-11D3-BF4B-00C04F79EFBC}") = "PracticeHospitalKov", "PracticeHospitalKov\PracticeHospitalKov.csproj", "{052FE0E2-E5D3-4044-B9E4-849C789D5FA0}"
EndProject
Global
	GlobalSection(SolutionConfigurationPlatforms) = preSolution
		Debug|Any CPU = Debug|Any CPU
		Release|Any CPU = Release|Any CPU
	EndGlobalSection
	GlobalSection(ProjectConfigurationPlatforms) = postSolution
		{052FE0E2-E5D3-4044-B9E4-849C789D5FA0}.Debug|Any CPU.ActiveCfg = Debug|Any CPU
		{052FE0E2-E5D3-4044-B9E4-849C789D5FA0}.Debug|Any CPU.Build.0 = Debug|Any CPU
		{052FE0E2-E5D3-4044-B9E4-849C789D5FA0}.Release|Any CPU.ActiveCfg = Release|Any CPU
		{052FE0E2-E5D3-4044-B9E4-849C789D5FA0}.Release|Any CPU.Build.0 = Release|Any CPU
	EndGlobalSection
	GlobalSection(SolutionProperties) = preSolution
		HideSolutionNode = FALSE
	EndGlobalSection
	GlobalSection(ExtensibilityGlobals) = postSolution
		SolutionGuid = {B0B695D8-725D-4D85-A116-08F9F9DBFE0C}
	EndGlobalSection
EndGlobal
